
Microsoft Visual Studio Solution File, Format Version 12.00
# Visual Studio Version 17
VisualStudioVersion = 17.13.35913.81 d17.13
MinimumVisualStudioVersion = 10.0.40219.1
Project("{FAE04EC0-301F-11D3-BF4B-00C04F79EFBC}") = "GUI_QuanLyKhachSan", "GUI_QuanLyKhachSan\GUI_QuanLyKhachSan.csproj", "{7572DE3A-5807-4126-B2A7-D8EEB9A0822E}"
EndProject
Project("{FAE04EC0-301F-11D3-BF4B-00C04F79EFBC}") = "BLL_QuanLyKhachSan", "BLL_QuanLyKhachSan\BLL_QuanLyKhachSan.csproj", "{08FC2DB6-1F3C-4ABA-8378-48681EA73760}"
EndProject
Project("{FAE04EC0-301F-11D3-BF4B-00C04F79EFBC}") = "DAL_QuanLyKhachSan", "DAL_QuanLyKhachSan\DAL_QuanLyKhachSan.csproj", "{99184395-3C76-4ED9-A89B-4D3E50829913}"
EndProject
Project("{FAE04EC0-301F-11D3-BF4B-00C04F79EFBC}") = "DTO_QuanLyKhachSan", "DTO_QuanLyKhachSan\DTO_QuanLyKhachSan.csproj", "{72750754-5008-4C5A-95D0-E79CDE04E6CD}"
EndProject
Project("{FAE04EC0-301F-11D3-BF4B-00C04F79EFBC}") = "UTIL_QuanLyKhachSan", "UTIL_QuanLyKhachSan\UTIL_QuanLyKhachSan.csproj", "{5A2F7CCC-FD00-4C35-A554-79555777A62B}"
EndProject
Global
	GlobalSection(SolutionConfigurationPlatforms) = preSolution
		Debug|Any CPU = Debug|Any CPU
		Release|Any CPU = Release|Any CPU
	EndGlobalSection
	GlobalSection(ProjectConfigurationPlatforms) = postSolution
		{7572DE3A-5807-4126-B2A7-D8EEB9A0822E}.Debug|Any CPU.ActiveCfg = Debug|Any CPU
		{7572DE3A-5807-4126-B2A7-D8EEB9A0822E}.Debug|Any CPU.Build.0 = Debug|Any CPU
		{7572DE3A-5807-4126-B2A7-D8EEB9A0822E}.Release|Any CPU.ActiveCfg = Release|Any CPU
		{7572DE3A-5807-4126-B2A7-D8EEB9A0822E}.Release|Any CPU.Build.0 = Release|Any CPU
		{08FC2DB6-1F3C-4ABA-8378-48681EA73760}.Debug|Any CPU.ActiveCfg = Debug|Any CPU
		{08FC2DB6-1F3C-4ABA-8378-48681EA73760}.Debug|Any CPU.Build.0 = Debug|Any CPU
		{08FC2DB6-1F3C-4ABA-8378-48681EA73760}.Release|Any CPU.ActiveCfg = Release|Any CPU
		{08FC2DB6-1F3C-4ABA-8378-48681EA73760}.Release|Any CPU.Build.0 = Release|Any CPU
		{99184395-3C76-4ED9-A89B-4D3E50829913}.Debug|Any CPU.ActiveCfg = Debug|Any CPU
		{99184395-3C76-4ED9-A89B-4D3E50829913}.Debug|Any CPU.Build.0 = Debug|Any CPU
		{99184395-3C76-4ED9-A89B-4D3E50829913}.Release|Any CPU.ActiveCfg = Release|Any CPU
		{99184395-3C76-4ED9-A89B-4D3E50829913}.Release|Any CPU.Build.0 = Release|Any CPU
		{72750754-5008-4C5A-95D0-E79CDE04E6CD}.Debug|Any CPU.ActiveCfg = Debug|Any CPU
		{72750754-5008-4C5A-95D0-E79CDE04E6CD}.Debug|Any CPU.Build.0 = Debug|Any CPU
		{72750754-5008-4C5A-95D0-E79CDE04E6CD}.Release|Any CPU.ActiveCfg = Release|Any CPU
		{72750754-5008-4C5A-95D0-E79CDE04E6CD}.Release|Any CPU.Build.0 = Release|Any CPU
		{5A2F7CCC-FD00-4C35-A554-79555777A62B}.Debug|Any CPU.ActiveCfg = Debug|Any CPU
		{5A2F7CCC-FD00-4C35-A554-79555777A62B}.Debug|Any CPU.Build.0 = Debug|Any CPU
		{5A2F7CCC-FD00-4C35-A554-79555777A62B}.Release|Any CPU.ActiveCfg = Release|Any CPU
		{5A2F7CCC-FD00-4C35-A554-79555777A62B}.Release|Any CPU.Build.0 = Release|Any CPU
	EndGlobalSection
	GlobalSection(SolutionProperties) = preSolution
		HideSolutionNode = FALSE
	EndGlobalSection
	GlobalSection(ExtensibilityGlobals) = postSolution
		SolutionGuid = {9AB1F6A3-51B0-417E-AABD-50999A9F948A}
	EndGlobalSection
EndGlobal
